
Microsoft Visual Studio Solution File, Format Version 12.00
# Visual Studio Version 16
VisualStudioVersion = 16.0.30114.105
MinimumVisualStudioVersion = 10.0.40219.1
Project("{2150E333-8FDC-42A3-9474-1A3956D46DE8}") = "src", "src", "{62291727-120C-425F-AF91-976F8467B64D}"
EndProject
Project("{FAE04EC0-301F-11D3-BF4B-00C04F79EFBC}") = "WebApi", "src\WebApi\WebApi.csproj", "{F314DD95-BC17-467C-BA9D-3F325C762D44}"
EndProject
Project("{FAE04EC0-301F-11D3-BF4B-00C04F79EFBC}") = "Domain", "src\Domain\Domain.csproj", "{29D82F44-5295-4555-B843-4483415B2281}"
EndProject
Project("{FAE04EC0-301F-11D3-BF4B-00C04F79EFBC}") = "Infrastructure", "src\Infrastructure\Infrastructure.csproj", "{CDD4EF80-A4F6-40A5-AEB0-BCB5307AEA22}"
EndProject
Project("{FAE04EC0-301F-11D3-BF4B-00C04F79EFBC}") = "Application", "src\Application\Application.csproj", "{A81208DA-CC90-4AB3-AE3E-3819D18B763A}"
EndProject
Project("{2150E333-8FDC-42A3-9474-1A3956D46DE8}") = "test", "test", "{F6118B0C-1D10-4386-A092-0CCA769887EF}"
EndProject
Project("{FAE04EC0-301F-11D3-BF4B-00C04F79EFBC}") = "UnitTest", "test\UnitTest\UnitTest.csproj", "{C6DBA561-B055-4419-852C-F8111D9912DB}"
EndProject
Project("{FAE04EC0-301F-11D3-BF4B-00C04F79EFBC}") = "ComponentTest", "test\ComponentTest\ComponentTest.csproj", "{21D5C1AA-5D6A-42D4-9153-48ECFDB98393}"
EndProject
Project("{FAE04EC0-301F-11D3-BF4B-00C04F79EFBC}") = "IntegrationTest", "test\IntegrationTest\IntegrationTest.csproj", "{6BA3E5E8-7386-4612-8D65-5C7849C950B0}"
EndProject
Project("{FAE04EC0-301F-11D3-BF4B-00C04F79EFBC}") = "EndToEnd", "test\EndToEnd\EndToEnd.csproj", "{6C84DA57-642B-414C-BF3B-DF4B0092A458}"
EndProject
Global
	GlobalSection(SolutionConfigurationPlatforms) = preSolution
		Debug|Any CPU = Debug|Any CPU
		Release|Any CPU = Release|Any CPU
	EndGlobalSection
	GlobalSection(SolutionProperties) = preSolution
		HideSolutionNode = FALSE
	EndGlobalSection
	GlobalSection(ProjectConfigurationPlatforms) = postSolution
		{F314DD95-BC17-467C-BA9D-3F325C762D44}.Debug|Any CPU.ActiveCfg = Debug|Any CPU
		{F314DD95-BC17-467C-BA9D-3F325C762D44}.Debug|Any CPU.Build.0 = Debug|Any CPU
		{F314DD95-BC17-467C-BA9D-3F325C762D44}.Release|Any CPU.ActiveCfg = Release|Any CPU
		{F314DD95-BC17-467C-BA9D-3F325C762D44}.Release|Any CPU.Build.0 = Release|Any CPU
		{29D82F44-5295-4555-B843-4483415B2281}.Debug|Any CPU.ActiveCfg = Debug|Any CPU
		{29D82F44-5295-4555-B843-4483415B2281}.Debug|Any CPU.Build.0 = Debug|Any CPU
		{29D82F44-5295-4555-B843-4483415B2281}.Release|Any CPU.ActiveCfg = Release|Any CPU
		{29D82F44-5295-4555-B843-4483415B2281}.Release|Any CPU.Build.0 = Release|Any CPU
		{CDD4EF80-A4F6-40A5-AEB0-BCB5307AEA22}.Debug|Any CPU.ActiveCfg = Debug|Any CPU
		{CDD4EF80-A4F6-40A5-AEB0-BCB5307AEA22}.Debug|Any CPU.Build.0 = Debug|Any CPU
		{CDD4EF80-A4F6-40A5-AEB0-BCB5307AEA22}.Release|Any CPU.ActiveCfg = Release|Any CPU
		{CDD4EF80-A4F6-40A5-AEB0-BCB5307AEA22}.Release|Any CPU.Build.0 = Release|Any CPU
		{A81208DA-CC90-4AB3-AE3E-3819D18B763A}.Debug|Any CPU.ActiveCfg = Debug|Any CPU
		{A81208DA-CC90-4AB3-AE3E-3819D18B763A}.Debug|Any CPU.Build.0 = Debug|Any CPU
		{A81208DA-CC90-4AB3-AE3E-3819D18B763A}.Release|Any CPU.ActiveCfg = Release|Any CPU
		{A81208DA-CC90-4AB3-AE3E-3819D18B763A}.Release|Any CPU.Build.0 = Release|Any CPU
		{C6DBA561-B055-4419-852C-F8111D9912DB}.Debug|Any CPU.ActiveCfg = Debug|Any CPU
		{C6DBA561-B055-4419-852C-F8111D9912DB}.Debug|Any CPU.Build.0 = Debug|Any CPU
		{C6DBA561-B055-4419-852C-F8111D9912DB}.Release|Any CPU.ActiveCfg = Release|Any CPU
		{C6DBA561-B055-4419-852C-F8111D9912DB}.Release|Any CPU.Build.0 = Release|Any CPU
		{21D5C1AA-5D6A-42D4-9153-48ECFDB98393}.Debug|Any CPU.ActiveCfg = Debug|Any CPU
		{21D5C1AA-5D6A-42D4-9153-48ECFDB98393}.Debug|Any CPU.Build.0 = Debug|Any CPU
		{21D5C1AA-5D6A-42D4-9153-48ECFDB98393}.Release|Any CPU.ActiveCfg = Release|Any CPU
		{21D5C1AA-5D6A-42D4-9153-48ECFDB98393}.Release|Any CPU.Build.0 = Release|Any CPU
		{6BA3E5E8-7386-4612-8D65-5C7849C950B0}.Debug|Any CPU.ActiveCfg = Debug|Any CPU
		{6BA3E5E8-7386-4612-8D65-5C7849C950B0}.Debug|Any CPU.Build.0 = Debug|Any CPU
		{6BA3E5E8-7386-4612-8D65-5C7849C950B0}.Release|Any CPU.ActiveCfg = Release|Any CPU
		{6BA3E5E8-7386-4612-8D65-5C7849C950B0}.Release|Any CPU.Build.0 = Release|Any CPU
		{6C84DA57-642B-414C-BF3B-DF4B0092A458}.Debug|Any CPU.ActiveCfg = Debug|Any CPU
		{6C84DA57-642B-414C-BF3B-DF4B0092A458}.Debug|Any CPU.Build.0 = Debug|Any CPU
		{6C84DA57-642B-414C-BF3B-DF4B0092A458}.Release|Any CPU.ActiveCfg = Release|Any CPU
		{6C84DA57-642B-414C-BF3B-DF4B0092A458}.Release|Any CPU.Build.0 = Release|Any CPU
	EndGlobalSection
	GlobalSection(NestedProjects) = preSolution
		{F314DD95-BC17-467C-BA9D-3F325C762D44} = {62291727-120C-425F-AF91-976F8467B64D}
		{29D82F44-5295-4555-B843-4483415B2281} = {62291727-120C-425F-AF91-976F8467B64D}
		{CDD4EF80-A4F6-40A5-AEB0-BCB5307AEA22} = {62291727-120C-425F-AF91-976F8467B64D}
		{A81208DA-CC90-4AB3-AE3E-3819D18B763A} = {62291727-120C-425F-AF91-976F8467B64D}
		{C6DBA561-B055-4419-852C-F8111D9912DB} = {F6118B0C-1D10-4386-A092-0CCA769887EF}
		{21D5C1AA-5D6A-42D4-9153-48ECFDB98393} = {F6118B0C-1D10-4386-A092-0CCA769887EF}
		{6BA3E5E8-7386-4612-8D65-5C7849C950B0} = {F6118B0C-1D10-4386-A092-0CCA769887EF}
		{6C84DA57-642B-414C-BF3B-DF4B0092A458} = {F6118B0C-1D10-4386-A092-0CCA769887EF}
	EndGlobalSection
EndGlobal
